<?xml version="1.0" encoding="utf-8"?>
<Project ToolsVersion="4.0" xmlns="http://schemas.microsoft.com/developer/msbuild/2003">
  <ItemGroup>
    <Filter Include="Form Files">
      <UniqueIdentifier>{99349809-55BA-4b9d-BF79-8FDBB0286EB3}</UniqueIdentifier>
      <Extensions>ui</Extensions>
      <ParseFiles>false</ParseFiles>
    </Filter>
    <Filter Include="Generated Files">
      <UniqueIdentifier>{71ED8ED8-ACB9-4CE9-BBE1-E00B30144E11}</UniqueIdentifier>
      <Extensions>cpp;c;cxx;moc;h;def;odl;idl;res;</Extensions>
    </Filter>
    <Filter Include="Generated Files">
      <UniqueIdentifier>{71ED8ED8-ACB9-4CE9-BBE1-E00B30144E11}</UniqueIdentifier>
      <Extensions>cpp;c;cxx;moc;h;def;odl;idl;res;</Extensions>
    </Filter>
    <Filter Include="Header Files">
      <UniqueIdentifier>{93995380-89BD-4b04-88EB-625FBE52EBFB}</UniqueIdentifier>
      <Extensions>h;hpp;hxx;hm;inl;inc;xsd</Extensions>
    </Filter>
    <Filter Include="Resource Files">
      <UniqueIdentifier>{D9D6E242-F8AF-46E4-B9FD-80ECBC20BA3E}</UniqueIdentifier>
      <Extensions>qrc;*</Extensions>
      <ParseFiles>false</ParseFiles>
    </Filter>
    <Filter Include="Source Files">
      <UniqueIdentifier>{4FC737F1-C7A5-4376-A066-2A32D752A2FF}</UniqueIdentifier>
      <Extensions>cpp;c;cxx;def;odl;idl;hpj;bat;asm;asmx</Extensions>
    </Filter>
    <Filter Include="Generated Files\Debug">
      <UniqueIdentifier>{c66bea3d-d720-4c68-99ae-11898e7b213a}</UniqueIdentifier>
      <Extensions>cpp;moc</Extensions>
      <SourceControlFiles>False</SourceControlFiles>
    </Filter>
    <Filter Include="Generated Files\Release">
      <UniqueIdentifier>{2e83155d-eab7-4349-bc1d-0dd2b6b91620}</UniqueIdentifier>
      <Extensions>cpp;moc</Extensions>
      <SourceControlFiles>False</SourceControlFiles>
    </Filter>
    <Filter Include="Forms">
      <UniqueIdentifier>{99349809-55BA-4b9d-BF79-8FDBB0286EB3}</UniqueIdentifier>
      <Extensions>ui</Extensions>
      <ParseFiles>false</ParseFiles>
    </Filter>
    <Filter Include="src">
      <UniqueIdentifier>{4c0cc049-462e-4592-93d2-00fdbe14e8b2}</UniqueIdentifier>
    </Filter>
    <Filter Include="src\Source Files">
      <UniqueIdentifier>{4FC737F1-C7A5-4376-A066-2A32D752A2FF}</UniqueIdentifier>
      <Extensions>cpp;c;cxx;def;odl;idl;hpj;bat;asm;asmx</Extensions>
    </Filter>
    <Filter Include="Resource Files">
      <UniqueIdentifier>{D9D6E242-F8AF-46E4-B9FD-80ECBC20BA3E}</UniqueIdentifier>
      <Extensions>qrc;*</Extensions>
      <ParseFiles>false</ParseFiles>
    </Filter>
    <Filter Include="src\Header Files">
      <UniqueIdentifier>{93995380-89BD-4b04-88EB-625FBE52EBFB}</UniqueIdentifier>
      <Extensions>h;hpp;hxx;hm;inl;inc;xsd</Extensions>
    </Filter>
  </ItemGroup>
  <ItemGroup>
    <ClCompile Include="src\camera.cpp">
      <Filter>src\Source Files</Filter>
    </ClCompile>
    <ClCompile Include="src\cameracontrolshelp.cpp">
      <Filter>src\Source Files</Filter>
    </ClCompile>
    <ClCompile Include="src\scene\cylinder.cpp">
      <Filter>src\Source Files</Filter>
    </ClCompile>
    <ClCompile Include="src\drawable.cpp">
      <Filter>src\Source Files</Filter>
    </ClCompile>
    <ClCompile Include="src\face.cpp">
      <Filter>src\Source Files</Filter>
    </ClCompile>
    <ClCompile Include="src\glwidget277.cpp">
      <Filter>src\Source Files</Filter>
    </ClCompile>
    <ClCompile Include="src\halfedge.cpp">
      <Filter>src\Source Files</Filter>
    </ClCompile>
    <ClCompile Include="src\halfedgemesh.cpp">
      <Filter>src\Source Files</Filter>
    </ClCompile>
    <ClCompile Include="src\highlightface.cpp">
      <Filter>src\Source Files</Filter>
    </ClCompile>
    <ClCompile Include="src\highlighthedge.cpp">
      <Filter>src\Source Files</Filter>
    </ClCompile>
    <ClCompile Include="src\highlightvertex.cpp">
      <Filter>src\Source Files</Filter>
    </ClCompile>
    <ClCompile Include="src\la.cpp">
      <Filter>src\Source Files</Filter>
    </ClCompile>
    <ClCompile Include="src\main.cpp">
      <Filter>src\Source Files</Filter>
    </ClCompile>
    <ClCompile Include="src\mainwindow.cpp">
      <Filter>src\Source Files</Filter>
    </ClCompile>
    <ClCompile Include="src\mydoublespinbox.cpp">
      <Filter>src\Source Files</Filter>
    </ClCompile>
    <ClCompile Include="src\mygl.cpp">
      <Filter>src\Source Files</Filter>
    </ClCompile>
    <ClCompile Include="src\mylistwidget.cpp">
      <Filter>src\Source Files</Filter>
    </ClCompile>
    <ClCompile Include="src\shaderprogram.cpp">
      <Filter>src\Source Files</Filter>
    </ClCompile>
    <ClCompile Include="src\scene\sphere.cpp">
      <Filter>src\Source Files</Filter>
    </ClCompile>
    <ClCompile Include="src\utils.cpp">
      <Filter>src\Source Files</Filter>
    </ClCompile>
    <ClCompile Include="src\vertex.cpp">
      <Filter>src\Source Files</Filter>
    </ClCompile>
    <ClCompile Include="Debug\moc_mainwindow.cpp">
      <Filter>Generated Files\Debug</Filter>
    </ClCompile>
    <ClCompile Include="Release\moc_mainwindow.cpp">
      <Filter>Generated Files\Release</Filter>
    </ClCompile>
    <ClCompile Include="Debug\moc_glwidget277.cpp">
      <Filter>Generated Files\Debug</Filter>
    </ClCompile>
    <ClCompile Include="Release\moc_glwidget277.cpp">
      <Filter>Generated Files\Release</Filter>
    </ClCompile>
    <ClCompile Include="Debug\moc_cameracontrolshelp.cpp">
      <Filter>Generated Files\Debug</Filter>
    </ClCompile>
    <ClCompile Include="Release\moc_cameracontrolshelp.cpp">
      <Filter>Generated Files\Release</Filter>
    </ClCompile>
    <ClCompile Include="Debug\moc_mydoublespinbox.cpp">
      <Filter>Generated Files\Debug</Filter>
    </ClCompile>
    <ClCompile Include="Release\moc_mydoublespinbox.cpp">
      <Filter>Generated Files\Release</Filter>
    </ClCompile>
    <ClCompile Include="Debug\moc_mylistwidget.cpp">
      <Filter>Generated Files\Debug</Filter>
    </ClCompile>
    <ClCompile Include="Release\moc_mylistwidget.cpp">
      <Filter>Generated Files\Release</Filter>
    </ClCompile>
    <ClCompile Include="Debug\moc_mygl.cpp">
      <Filter>Generated Files\Debug</Filter>
    </ClCompile>
    <ClCompile Include="Release\moc_mygl.cpp">
      <Filter>Generated Files\Release</Filter>
    </ClCompile>
    <ClCompile Include="GeneratedFiles\qrc_glsl.cpp">
      <Filter>Generated Files</Filter>
    </ClCompile>
  </ItemGroup>
  <ItemGroup>
    <ClInclude Include="src\camera.h">
      <Filter>src\Header Files</Filter>
    </ClInclude>
    <CustomBuild Include="src\cameracontrolshelp.h">
      <Filter>src\Header Files</Filter>
    </CustomBuild>
    <ClInclude Include="src\scene\cylinder.h">
      <Filter>src\Header Files</Filter>
    </ClInclude>
    <ClInclude Include="src\drawable.h">
      <Filter>src\Header Files</Filter>
    </ClInclude>
    <ClInclude Include="src\face.h">
      <Filter>src\Header Files</Filter>
    </ClInclude>
    <CustomBuild Include="src\glwidget277.h">
      <Filter>src\Header Files</Filter>
    </CustomBuild>
    <ClInclude Include="src\halfedge.h">
      <Filter>src\Header Files</Filter>
    </ClInclude>
    <ClInclude Include="src\halfedgemesh.h">
      <Filter>src\Header Files</Filter>
    </ClInclude>
    <ClInclude Include="src\highlightface.h">
      <Filter>src\Header Files</Filter>
    </ClInclude>
    <ClInclude Include="src\highlighthedge.h">
      <Filter>src\Header Files</Filter>
    </ClInclude>
    <ClInclude Include="src\highlightvertex.h">
      <Filter>src\Header Files</Filter>
    </ClInclude>
    <ClInclude Include="src\la.h">
      <Filter>src\Header Files</Filter>
    </ClInclude>
    <CustomBuild Include="src\mainwindow.h">
      <Filter>src\Header Files</Filter>
    </CustomBuild>
    <CustomBuild Include="src\mydoublespinbox.h">
      <Filter>src\Header Files</Filter>
    </CustomBuild>
    <CustomBuild Include="src\mygl.h">
      <Filter>src\Header Files</Filter>
    </CustomBuild>
    <CustomBuild Include="src\mylistwidget.h">
      <Filter>src\Header Files</Filter>
    </CustomBuild>
    <ClInclude Include="src\shaderprogram.h">
      <Filter>src\Header Files</Filter>
    </ClInclude>
    <ClInclude Include="src\scene\sphere.h">
      <Filter>src\Header Files</Filter>
    </ClInclude>
    <ClInclude Include="src\utils.h">
      <Filter>src\Header Files</Filter>
    </ClInclude>
    <ClInclude Include="src\vertex.h">
      <Filter>src\Header Files</Filter>
    </ClInclude>
    <ClInclude Include="GeneratedFiles\ui_QtGuiApp_ObjPointVis.h">
      <Filter>Generated Files</Filter>
    </ClInclude>
    <ClInclude Include="GeneratedFiles\ui_cameracontrolshelp.h">
      <Filter>Generated Files</Filter>
    </ClInclude>
    <ClInclude Include="GeneratedFiles\ui_mainwindow.h">
      <Filter>Generated Files</Filter>
    </ClInclude>
  </ItemGroup>
  <ItemGroup>
    <CustomBuild Include="forms\QtGuiApp_ObjPointVis.ui">
      <Filter>Forms</Filter>
    </CustomBuild>
    <CustomBuild Include="forms\cameracontrolshelp.ui">
      <Filter>Forms</Filter>
    </CustomBuild>
    <CustomBuild Include="forms\mainwindow.ui">
      <Filter>Forms</Filter>
    </CustomBuild>
  </ItemGroup>
  <ItemGroup>
    <None Include="glsl\flat.frag.glsl">
      <Filter>Resource Files</Filter>
    </None>
    <None Include="glsl\flat.vert.glsl">
      <Filter>Resource Files</Filter>
    </None>
    <CustomBuild Include="glsl.qrc">
      <Filter>Resource Files</Filter>
    </CustomBuild>
    <None Include="glsl\lambert.frag.glsl">
      <Filter>Resource Files</Filter>
    </None>
    <None Include="glsl\lambert.vert.glsl">
      <Filter>Resource Files</Filter>
    </None>
    <None Include="src\src.pri">
      <Filter>src</Filter>
    </None>
    <None Include="halfEdge.pro" />
  </ItemGroup>
</Project>